
Microsoft Visual Studio Solution File, Format Version 12.00
# Visual Studio Version 16
VisualStudioVersion = 16.0.29009.5
MinimumVisualStudioVersion = 10.0.40219.1
Project("{FAE04EC0-301F-11D3-BF4B-00C04F79EFBC}") = "BudgetProject.UWP", "BudgetProject\BudgetProject.UWP\BudgetProject.UWP.csproj", "{1E8AE93A-E446-4726-B625-21692113785C}"
EndProject
Project("{FAE04EC0-301F-11D3-BF4B-00C04F79EFBC}") = "BudgetProject.Android", "BudgetProject\BudgetProject.Android\BudgetProject.Android.csproj", "{BA038700-58B2-433B-9B2D-F7BD609DDF90}"
EndProject
Project("{FAE04EC0-301F-11D3-BF4B-00C04F79EFBC}") = "BudgetProject.iOS", "BudgetProject\BudgetProject.iOS\BudgetProject.iOS.csproj", "{9E301467-6553-4A99-A9E7-4A2D33ED2A58}"
EndProject
Project("{FAE04EC0-301F-11D3-BF4B-00C04F79EFBC}") = "BudgetProject", "BudgetProject\BudgetProject\BudgetProject.csproj", "{BD55B94A-E3B8-435B-B6DE-3B6FA443F1A1}"
EndProject
Project("{FAE04EC0-301F-11D3-BF4B-00C04F79EFBC}") = "BudgetProject.ApplicationCore", "BudgetProject.ApplicationCore\BudgetProject.ApplicationCore.csproj", "{D9E38B8B-E309-4E74-B1B4-B0378361785A}"
EndProject
Project("{FAE04EC0-301F-11D3-BF4B-00C04F79EFBC}") = "BudgetProject.Business", "BudgetProject.Business\BudgetProject.Business.csproj", "{50308A98-946D-40D4-A71C-E313D19ABDEB}"
EndProject
Global
	GlobalSection(SolutionConfigurationPlatforms) = preSolution
		Debug|Any CPU = Debug|Any CPU
		Debug|ARM = Debug|ARM
		Debug|iPhone = Debug|iPhone
		Debug|iPhoneSimulator = Debug|iPhoneSimulator
		Debug|x64 = Debug|x64
		Debug|x86 = Debug|x86
		Release|Any CPU = Release|Any CPU
		Release|ARM = Release|ARM
		Release|iPhone = Release|iPhone
		Release|iPhoneSimulator = Release|iPhoneSimulator
		Release|x64 = Release|x64
		Release|x86 = Release|x86
	EndGlobalSection
	GlobalSection(ProjectConfigurationPlatforms) = postSolution
		{1E8AE93A-E446-4726-B625-21692113785C}.Debug|Any CPU.ActiveCfg = Debug|x86
		{1E8AE93A-E446-4726-B625-21692113785C}.Debug|Any CPU.Build.0 = Debug|x86
		{1E8AE93A-E446-4726-B625-21692113785C}.Debug|Any CPU.Deploy.0 = Debug|x86
		{1E8AE93A-E446-4726-B625-21692113785C}.Debug|ARM.ActiveCfg = Debug|ARM
		{1E8AE93A-E446-4726-B625-21692113785C}.Debug|ARM.Build.0 = Debug|ARM
		{1E8AE93A-E446-4726-B625-21692113785C}.Debug|ARM.Deploy.0 = Debug|ARM
		{1E8AE93A-E446-4726-B625-21692113785C}.Debug|iPhone.ActiveCfg = Debug|x86
		{1E8AE93A-E446-4726-B625-21692113785C}.Debug|iPhone.Build.0 = Debug|x86
		{1E8AE93A-E446-4726-B625-21692113785C}.Debug|iPhone.Deploy.0 = Debug|x86
		{1E8AE93A-E446-4726-B625-21692113785C}.Debug|iPhoneSimulator.ActiveCfg = Debug|x86
		{1E8AE93A-E446-4726-B625-21692113785C}.Debug|iPhoneSimulator.Build.0 = Debug|x86
		{1E8AE93A-E446-4726-B625-21692113785C}.Debug|iPhoneSimulator.Deploy.0 = Debug|x86
		{1E8AE93A-E446-4726-B625-21692113785C}.Debug|x64.ActiveCfg = Debug|x64
		{1E8AE93A-E446-4726-B625-21692113785C}.Debug|x64.Build.0 = Debug|x64
		{1E8AE93A-E446-4726-B625-21692113785C}.Debug|x64.Deploy.0 = Debug|x64
		{1E8AE93A-E446-4726-B625-21692113785C}.Debug|x86.ActiveCfg = Debug|x86
		{1E8AE93A-E446-4726-B625-21692113785C}.Debug|x86.Build.0 = Debug|x86
		{1E8AE93A-E446-4726-B625-21692113785C}.Debug|x86.Deploy.0 = Debug|x86
		{1E8AE93A-E446-4726-B625-21692113785C}.Release|Any CPU.ActiveCfg = Release|x86
		{1E8AE93A-E446-4726-B625-21692113785C}.Release|Any CPU.Build.0 = Release|x86
		{1E8AE93A-E446-4726-B625-21692113785C}.Release|Any CPU.Deploy.0 = Release|x86
		{1E8AE93A-E446-4726-B625-21692113785C}.Release|ARM.ActiveCfg = Release|ARM
		{1E8AE93A-E446-4726-B625-21692113785C}.Release|ARM.Build.0 = Release|ARM
		{1E8AE93A-E446-4726-B625-21692113785C}.Release|ARM.Deploy.0 = Release|ARM
		{1E8AE93A-E446-4726-B625-21692113785C}.Release|iPhone.ActiveCfg = Release|x86
		{1E8AE93A-E446-4726-B625-21692113785C}.Release|iPhone.Build.0 = Release|x86
		{1E8AE93A-E446-4726-B625-21692113785C}.Release|iPhone.Deploy.0 = Release|x86
		{1E8AE93A-E446-4726-B625-21692113785C}.Release|iPhoneSimulator.ActiveCfg = Release|x86
		{1E8AE93A-E446-4726-B625-21692113785C}.Release|iPhoneSimulator.Build.0 = Release|x86
		{1E8AE93A-E446-4726-B625-21692113785C}.Release|iPhoneSimulator.Deploy.0 = Release|x86
		{1E8AE93A-E446-4726-B625-21692113785C}.Release|x64.ActiveCfg = Release|x64
		{1E8AE93A-E446-4726-B625-21692113785C}.Release|x64.Build.0 = Release|x64
		{1E8AE93A-E446-4726-B625-21692113785C}.Release|x64.Deploy.0 = Release|x64
		{1E8AE93A-E446-4726-B625-21692113785C}.Release|x86.ActiveCfg = Release|x86
		{1E8AE93A-E446-4726-B625-21692113785C}.Release|x86.Build.0 = Release|x86
		{1E8AE93A-E446-4726-B625-21692113785C}.Release|x86.Deploy.0 = Release|x86
		{BA038700-58B2-433B-9B2D-F7BD609DDF90}.Debug|Any CPU.ActiveCfg = Debug|Any CPU
		{BA038700-58B2-433B-9B2D-F7BD609DDF90}.Debug|Any CPU.Build.0 = Debug|Any CPU
		{BA038700-58B2-433B-9B2D-F7BD609DDF90}.Debug|Any CPU.Deploy.0 = Debug|Any CPU
		{BA038700-58B2-433B-9B2D-F7BD609DDF90}.Debug|ARM.ActiveCfg = Debug|Any CPU
		{BA038700-58B2-433B-9B2D-F7BD609DDF90}.Debug|ARM.Build.0 = Debug|Any CPU
		{BA038700-58B2-433B-9B2D-F7BD609DDF90}.Debug|ARM.Deploy.0 = Debug|Any CPU
		{BA038700-58B2-433B-9B2D-F7BD609DDF90}.Debug|iPhone.ActiveCfg = Debug|Any CPU
		{BA038700-58B2-433B-9B2D-F7BD609DDF90}.Debug|iPhone.Build.0 = Debug|Any CPU
		{BA038700-58B2-433B-9B2D-F7BD609DDF90}.Debug|iPhone.Deploy.0 = Debug|Any CPU
		{BA038700-58B2-433B-9B2D-F7BD609DDF90}.Debug|iPhoneSimulator.ActiveCfg = Debug|Any CPU
		{BA038700-58B2-433B-9B2D-F7BD609DDF90}.Debug|iPhoneSimulator.Build.0 = Debug|Any CPU
		{BA038700-58B2-433B-9B2D-F7BD609DDF90}.Debug|iPhoneSimulator.Deploy.0 = Debug|Any CPU
		{BA038700-58B2-433B-9B2D-F7BD609DDF90}.Debug|x64.ActiveCfg = Debug|Any CPU
		{BA038700-58B2-433B-9B2D-F7BD609DDF90}.Debug|x64.Build.0 = Debug|Any CPU
		{BA038700-58B2-433B-9B2D-F7BD609DDF90}.Debug|x64.Deploy.0 = Debug|Any CPU
		{BA038700-58B2-433B-9B2D-F7BD609DDF90}.Debug|x86.ActiveCfg = Debug|Any CPU
		{BA038700-58B2-433B-9B2D-F7BD609DDF90}.Debug|x86.Build.0 = Debug|Any CPU
		{BA038700-58B2-433B-9B2D-F7BD609DDF90}.Debug|x86.Deploy.0 = Debug|Any CPU
		{BA038700-58B2-433B-9B2D-F7BD609DDF90}.Release|Any CPU.ActiveCfg = Release|Any CPU
		{BA038700-58B2-433B-9B2D-F7BD609DDF90}.Release|Any CPU.Build.0 = Release|Any CPU
		{BA038700-58B2-433B-9B2D-F7BD609DDF90}.Release|Any CPU.Deploy.0 = Release|Any CPU
		{BA038700-58B2-433B-9B2D-F7BD609DDF90}.Release|ARM.ActiveCfg = Release|Any CPU
		{BA038700-58B2-433B-9B2D-F7BD609DDF90}.Release|ARM.Build.0 = Release|Any CPU
		{BA038700-58B2-433B-9B2D-F7BD609DDF90}.Release|ARM.Deploy.0 = Release|Any CPU
		{BA038700-58B2-433B-9B2D-F7BD609DDF90}.Release|iPhone.ActiveCfg = Release|Any CPU
		{BA038700-58B2-433B-9B2D-F7BD609DDF90}.Release|iPhone.Build.0 = Release|Any CPU
		{BA038700-58B2-433B-9B2D-F7BD609DDF90}.Release|iPhone.Deploy.0 = Release|Any CPU
		{BA038700-58B2-433B-9B2D-F7BD609DDF90}.Release|iPhoneSimulator.ActiveCfg = Release|Any CPU
		{BA038700-58B2-433B-9B2D-F7BD609DDF90}.Release|iPhoneSimulator.Build.0 = Release|Any CPU
		{BA038700-58B2-433B-9B2D-F7BD609DDF90}.Release|iPhoneSimulator.Deploy.0 = Release|Any CPU
		{BA038700-58B2-433B-9B2D-F7BD609DDF90}.Release|x64.ActiveCfg = Release|Any CPU
		{BA038700-58B2-433B-9B2D-F7BD609DDF90}.Release|x64.Build.0 = Release|Any CPU
		{BA038700-58B2-433B-9B2D-F7BD609DDF90}.Release|x64.Deploy.0 = Release|Any CPU
		{BA038700-58B2-433B-9B2D-F7BD609DDF90}.Release|x86.ActiveCfg = Release|Any CPU
		{BA038700-58B2-433B-9B2D-F7BD609DDF90}.Release|x86.Build.0 = Release|Any CPU
		{BA038700-58B2-433B-9B2D-F7BD609DDF90}.Release|x86.Deploy.0 = Release|Any CPU
		{9E301467-6553-4A99-A9E7-4A2D33ED2A58}.Debug|Any CPU.ActiveCfg = Debug|iPhone
		{9E301467-6553-4A99-A9E7-4A2D33ED2A58}.Debug|Any CPU.Build.0 = Debug|iPhone
		{9E301467-6553-4A99-A9E7-4A2D33ED2A58}.Debug|Any CPU.Deploy.0 = Debug|iPhone
		{9E301467-6553-4A99-A9E7-4A2D33ED2A58}.Debug|ARM.ActiveCfg = Debug|iPhoneSimulator
		{9E301467-6553-4A99-A9E7-4A2D33ED2A58}.Debug|ARM.Build.0 = Debug|iPhoneSimulator
		{9E301467-6553-4A99-A9E7-4A2D33ED2A58}.Debug|ARM.Deploy.0 = Debug|iPhoneSimulator
		{9E301467-6553-4A99-A9E7-4A2D33ED2A58}.Debug|iPhone.ActiveCfg = Debug|iPhone
		{9E301467-6553-4A99-A9E7-4A2D33ED2A58}.Debug|iPhone.Build.0 = Debug|iPhone
		{9E301467-6553-4A99-A9E7-4A2D33ED2A58}.Debug|iPhone.Deploy.0 = Debug|iPhone
		{9E301467-6553-4A99-A9E7-4A2D33ED2A58}.Debug|iPhoneSimulator.ActiveCfg = Debug|iPhoneSimulator
		{9E301467-6553-4A99-A9E7-4A2D33ED2A58}.Debug|iPhoneSimulator.Build.0 = Debug|iPhoneSimulator
		{9E301467-6553-4A99-A9E7-4A2D33ED2A58}.Debug|iPhoneSimulator.Deploy.0 = Debug|iPhoneSimulator
		{9E301467-6553-4A99-A9E7-4A2D33ED2A58}.Debug|x64.ActiveCfg = Debug|iPhone
		{9E301467-6553-4A99-A9E7-4A2D33ED2A58}.Debug|x64.Build.0 = Debug|iPhone
		{9E301467-6553-4A99-A9E7-4A2D33ED2A58}.Debug|x64.Deploy.0 = Debug|iPhone
		{9E301467-6553-4A99-A9E7-4A2D33ED2A58}.Debug|x86.ActiveCfg = Debug|iPhone
		{9E301467-6553-4A99-A9E7-4A2D33ED2A58}.Debug|x86.Build.0 = Debug|iPhone
		{9E301467-6553-4A99-A9E7-4A2D33ED2A58}.Debug|x86.Deploy.0 = Debug|iPhone
		{9E301467-6553-4A99-A9E7-4A2D33ED2A58}.Release|Any CPU.ActiveCfg = Release|iPhone
		{9E301467-6553-4A99-A9E7-4A2D33ED2A58}.Release|Any CPU.Build.0 = Release|iPhone
		{9E301467-6553-4A99-A9E7-4A2D33ED2A58}.Release|Any CPU.Deploy.0 = Release|iPhone
		{9E301467-6553-4A99-A9E7-4A2D33ED2A58}.Release|ARM.ActiveCfg = Release|iPhone
		{9E301467-6553-4A99-A9E7-4A2D33ED2A58}.Release|ARM.Build.0 = Release|iPhone
		{9E301467-6553-4A99-A9E7-4A2D33ED2A58}.Release|ARM.Deploy.0 = Release|iPhone
		{9E301467-6553-4A99-A9E7-4A2D33ED2A58}.Release|iPhone.ActiveCfg = Release|iPhone
		{9E301467-6553-4A99-A9E7-4A2D33ED2A58}.Release|iPhone.Build.0 = Release|iPhone
		{9E301467-6553-4A99-A9E7-4A2D33ED2A58}.Release|iPhone.Deploy.0 = Release|iPhone
		{9E301467-6553-4A99-A9E7-4A2D33ED2A58}.Release|iPhoneSimulator.ActiveCfg = Release|iPhoneSimulator
		{9E301467-6553-4A99-A9E7-4A2D33ED2A58}.Release|iPhoneSimulator.Build.0 = Release|iPhoneSimulator
		{9E301467-6553-4A99-A9E7-4A2D33ED2A58}.Release|iPhoneSimulator.Deploy.0 = Release|iPhoneSimulator
		{9E301467-6553-4A99-A9E7-4A2D33ED2A58}.Release|x64.ActiveCfg = Release|iPhone
		{9E301467-6553-4A99-A9E7-4A2D33ED2A58}.Release|x64.Build.0 = Release|iPhone
		{9E301467-6553-4A99-A9E7-4A2D33ED2A58}.Release|x64.Deploy.0 = Release|iPhone
		{9E301467-6553-4A99-A9E7-4A2D33ED2A58}.Release|x86.ActiveCfg = Release|iPhone
		{9E301467-6553-4A99-A9E7-4A2D33ED2A58}.Release|x86.Build.0 = Release|iPhone
		{9E301467-6553-4A99-A9E7-4A2D33ED2A58}.Release|x86.Deploy.0 = Release|iPhone
		{BD55B94A-E3B8-435B-B6DE-3B6FA443F1A1}.Debug|Any CPU.ActiveCfg = Debug|Any CPU
		{BD55B94A-E3B8-435B-B6DE-3B6FA443F1A1}.Debug|Any CPU.Build.0 = Debug|Any CPU
		{BD55B94A-E3B8-435B-B6DE-3B6FA443F1A1}.Debug|Any CPU.Deploy.0 = Debug|Any CPU
		{BD55B94A-E3B8-435B-B6DE-3B6FA443F1A1}.Debug|ARM.ActiveCfg = Debug|Any CPU
		{BD55B94A-E3B8-435B-B6DE-3B6FA443F1A1}.Debug|ARM.Build.0 = Debug|Any CPU
		{BD55B94A-E3B8-435B-B6DE-3B6FA443F1A1}.Debug|ARM.Deploy.0 = Debug|Any CPU
		{BD55B94A-E3B8-435B-B6DE-3B6FA443F1A1}.Debug|iPhone.ActiveCfg = Debug|Any CPU
		{BD55B94A-E3B8-435B-B6DE-3B6FA443F1A1}.Debug|iPhone.Build.0 = Debug|Any CPU
		{BD55B94A-E3B8-435B-B6DE-3B6FA443F1A1}.Debug|iPhone.Deploy.0 = Debug|Any CPU
		{BD55B94A-E3B8-435B-B6DE-3B6FA443F1A1}.Debug|iPhoneSimulator.ActiveCfg = Debug|Any CPU
		{BD55B94A-E3B8-435B-B6DE-3B6FA443F1A1}.Debug|iPhoneSimulator.Build.0 = Debug|Any CPU
		{BD55B94A-E3B8-435B-B6DE-3B6FA443F1A1}.Debug|iPhoneSimulator.Deploy.0 = Debug|Any CPU
		{BD55B94A-E3B8-435B-B6DE-3B6FA443F1A1}.Debug|x64.ActiveCfg = Debug|Any CPU
		{BD55B94A-E3B8-435B-B6DE-3B6FA443F1A1}.Debug|x64.Build.0 = Debug|Any CPU
		{BD55B94A-E3B8-435B-B6DE-3B6FA443F1A1}.Debug|x64.Deploy.0 = Debug|Any CPU
		{BD55B94A-E3B8-435B-B6DE-3B6FA443F1A1}.Debug|x86.ActiveCfg = Debug|Any CPU
		{BD55B94A-E3B8-435B-B6DE-3B6FA443F1A1}.Debug|x86.Build.0 = Debug|Any CPU
		{BD55B94A-E3B8-435B-B6DE-3B6FA443F1A1}.Debug|x86.Deploy.0 = Debug|Any CPU
		{BD55B94A-E3B8-435B-B6DE-3B6FA443F1A1}.Release|Any CPU.ActiveCfg = Release|Any CPU
		{BD55B94A-E3B8-435B-B6DE-3B6FA443F1A1}.Release|Any CPU.Build.0 = Release|Any CPU
		{BD55B94A-E3B8-435B-B6DE-3B6FA443F1A1}.Release|Any CPU.Deploy.0 = Release|Any CPU
		{BD55B94A-E3B8-435B-B6DE-3B6FA443F1A1}.Release|ARM.ActiveCfg = Release|Any CPU
		{BD55B94A-E3B8-435B-B6DE-3B6FA443F1A1}.Release|ARM.Build.0 = Release|Any CPU
		{BD55B94A-E3B8-435B-B6DE-3B6FA443F1A1}.Release|ARM.Deploy.0 = Release|Any CPU
		{BD55B94A-E3B8-435B-B6DE-3B6FA443F1A1}.Release|iPhone.ActiveCfg = Release|Any CPU
		{BD55B94A-E3B8-435B-B6DE-3B6FA443F1A1}.Release|iPhone.Build.0 = Release|Any CPU
		{BD55B94A-E3B8-435B-B6DE-3B6FA443F1A1}.Release|iPhone.Deploy.0 = Release|Any CPU
		{BD55B94A-E3B8-435B-B6DE-3B6FA443F1A1}.Release|iPhoneSimulator.ActiveCfg = Release|Any CPU
		{BD55B94A-E3B8-435B-B6DE-3B6FA443F1A1}.Release|iPhoneSimulator.Build.0 = Release|Any CPU
		{BD55B94A-E3B8-435B-B6DE-3B6FA443F1A1}.Release|iPhoneSimulator.Deploy.0 = Release|Any CPU
		{BD55B94A-E3B8-435B-B6DE-3B6FA443F1A1}.Release|x64.ActiveCfg = Release|Any CPU
		{BD55B94A-E3B8-435B-B6DE-3B6FA443F1A1}.Release|x64.Build.0 = Release|Any CPU
		{BD55B94A-E3B8-435B-B6DE-3B6FA443F1A1}.Release|x64.Deploy.0 = Release|Any CPU
		{BD55B94A-E3B8-435B-B6DE-3B6FA443F1A1}.Release|x86.ActiveCfg = Release|Any CPU
		{BD55B94A-E3B8-435B-B6DE-3B6FA443F1A1}.Release|x86.Build.0 = Release|Any CPU
		{BD55B94A-E3B8-435B-B6DE-3B6FA443F1A1}.Release|x86.Deploy.0 = Release|Any CPU
		{D9E38B8B-E309-4E74-B1B4-B0378361785A}.Debug|Any CPU.ActiveCfg = Debug|Any CPU
		{D9E38B8B-E309-4E74-B1B4-B0378361785A}.Debug|Any CPU.Build.0 = Debug|Any CPU
		{D9E38B8B-E309-4E74-B1B4-B0378361785A}.Debug|ARM.ActiveCfg = Debug|Any CPU
		{D9E38B8B-E309-4E74-B1B4-B0378361785A}.Debug|ARM.Build.0 = Debug|Any CPU
		{D9E38B8B-E309-4E74-B1B4-B0378361785A}.Debug|iPhone.ActiveCfg = Debug|Any CPU
		{D9E38B8B-E309-4E74-B1B4-B0378361785A}.Debug|iPhone.Build.0 = Debug|Any CPU
		{D9E38B8B-E309-4E74-B1B4-B0378361785A}.Debug|iPhoneSimulator.ActiveCfg = Debug|Any CPU
		{D9E38B8B-E309-4E74-B1B4-B0378361785A}.Debug|iPhoneSimulator.Build.0 = Debug|Any CPU
		{D9E38B8B-E309-4E74-B1B4-B0378361785A}.Debug|x64.ActiveCfg = Debug|Any CPU
		{D9E38B8B-E309-4E74-B1B4-B0378361785A}.Debug|x64.Build.0 = Debug|Any CPU
		{D9E38B8B-E309-4E74-B1B4-B0378361785A}.Debug|x86.ActiveCfg = Debug|Any CPU
		{D9E38B8B-E309-4E74-B1B4-B0378361785A}.Debug|x86.Build.0 = Debug|Any CPU
		{D9E38B8B-E309-4E74-B1B4-B0378361785A}.Release|Any CPU.ActiveCfg = Release|Any CPU
		{D9E38B8B-E309-4E74-B1B4-B0378361785A}.Release|Any CPU.Build.0 = Release|Any CPU
		{D9E38B8B-E309-4E74-B1B4-B0378361785A}.Release|ARM.ActiveCfg = Release|Any CPU
		{D9E38B8B-E309-4E74-B1B4-B0378361785A}.Release|ARM.Build.0 = Release|Any CPU
		{D9E38B8B-E309-4E74-B1B4-B0378361785A}.Release|iPhone.ActiveCfg = Release|Any CPU
		{D9E38B8B-E309-4E74-B1B4-B0378361785A}.Release|iPhone.Build.0 = Release|Any CPU
		{D9E38B8B-E309-4E74-B1B4-B0378361785A}.Release|iPhoneSimulator.ActiveCfg = Release|Any CPU
		{D9E38B8B-E309-4E74-B1B4-B0378361785A}.Release|iPhoneSimulator.Build.0 = Release|Any CPU
		{D9E38B8B-E309-4E74-B1B4-B0378361785A}.Release|x64.ActiveCfg = Release|Any CPU
		{D9E38B8B-E309-4E74-B1B4-B0378361785A}.Release|x64.Build.0 = Release|Any CPU
		{D9E38B8B-E309-4E74-B1B4-B0378361785A}.Release|x86.ActiveCfg = Release|Any CPU
		{D9E38B8B-E309-4E74-B1B4-B0378361785A}.Release|x86.Build.0 = Release|Any CPU
		{50308A98-946D-40D4-A71C-E313D19ABDEB}.Debug|Any CPU.ActiveCfg = Debug|Any CPU
		{50308A98-946D-40D4-A71C-E313D19ABDEB}.Debug|Any CPU.Build.0 = Debug|Any CPU
		{50308A98-946D-40D4-A71C-E313D19ABDEB}.Debug|ARM.ActiveCfg = Debug|Any CPU
		{50308A98-946D-40D4-A71C-E313D19ABDEB}.Debug|ARM.Build.0 = Debug|Any CPU
		{50308A98-946D-40D4-A71C-E313D19ABDEB}.Debug|iPhone.ActiveCfg = Debug|Any CPU
		{50308A98-946D-40D4-A71C-E313D19ABDEB}.Debug|iPhone.Build.0 = Debug|Any CPU
		{50308A98-946D-40D4-A71C-E313D19ABDEB}.Debug|iPhoneSimulator.ActiveCfg = Debug|Any CPU
		{50308A98-946D-40D4-A71C-E313D19ABDEB}.Debug|iPhoneSimulator.Build.0 = Debug|Any CPU
		{50308A98-946D-40D4-A71C-E313D19ABDEB}.Debug|x64.ActiveCfg = Debug|Any CPU
		{50308A98-946D-40D4-A71C-E313D19ABDEB}.Debug|x64.Build.0 = Debug|Any CPU
		{50308A98-946D-40D4-A71C-E313D19ABDEB}.Debug|x86.ActiveCfg = Debug|Any CPU
		{50308A98-946D-40D4-A71C-E313D19ABDEB}.Debug|x86.Build.0 = Debug|Any CPU
		{50308A98-946D-40D4-A71C-E313D19ABDEB}.Release|Any CPU.ActiveCfg = Release|Any CPU
		{50308A98-946D-40D4-A71C-E313D19ABDEB}.Release|Any CPU.Build.0 = Release|Any CPU
		{50308A98-946D-40D4-A71C-E313D19ABDEB}.Release|ARM.ActiveCfg = Release|Any CPU
		{50308A98-946D-40D4-A71C-E313D19ABDEB}.Release|ARM.Build.0 = Release|Any CPU
		{50308A98-946D-40D4-A71C-E313D19ABDEB}.Release|iPhone.ActiveCfg = Release|Any CPU
		{50308A98-946D-40D4-A71C-E313D19ABDEB}.Release|iPhone.Build.0 = Release|Any CPU
		{50308A98-946D-40D4-A71C-E313D19ABDEB}.Release|iPhoneSimulator.ActiveCfg = Release|Any CPU
		{50308A98-946D-40D4-A71C-E313D19ABDEB}.Release|iPhoneSimulator.Build.0 = Release|Any CPU
		{50308A98-946D-40D4-A71C-E313D19ABDEB}.Release|x64.ActiveCfg = Release|Any CPU
		{50308A98-946D-40D4-A71C-E313D19ABDEB}.Release|x64.Build.0 = Release|Any CPU
		{50308A98-946D-40D4-A71C-E313D19ABDEB}.Release|x86.ActiveCfg = Release|Any CPU
		{50308A98-946D-40D4-A71C-E313D19ABDEB}.Release|x86.Build.0 = Release|Any CPU
	EndGlobalSection
	GlobalSection(SolutionProperties) = preSolution
		HideSolutionNode = FALSE
	EndGlobalSection
	GlobalSection(ExtensibilityGlobals) = postSolution
		SolutionGuid = {57FD6D6A-92F6-4EFE-9F46-08878FF008FF}
	EndGlobalSection
EndGlobal
